
Microsoft Visual Studio Solution File, Format Version 12.00
# Visual Studio 15
VisualStudioVersion = 15.0.27703.2026
MinimumVisualStudioVersion = 10.0.40219.1
Project("{9A19103F-16F7-4668-BE54-9A1E7A4F7556}") = "Pokora", "Pokora\Pokora.csproj", "{7AAB5D62-E11E-498E-A500-E317518D735F}"
EndProject
Project("{FAE04EC0-301F-11D3-BF4B-00C04F79EFBC}") = "Pokora.ConsoleApp", "Pokora.ConsoleApp\Pokora.ConsoleApp.csproj", "{566A037A-F96F-4102-8063-B6D503AC696F}"
EndProject
Global
	GlobalSection(SolutionConfigurationPlatforms) = preSolution
		Debug|Any CPU = Debug|Any CPU
		Release|Any CPU = Release|Any CPU
	EndGlobalSection
	GlobalSection(ProjectConfigurationPlatforms) = postSolution
		{7AAB5D62-E11E-498E-A500-E317518D735F}.Debug|Any CPU.ActiveCfg = Debug|Any CPU
		{7AAB5D62-E11E-498E-A500-E317518D735F}.Debug|Any CPU.Build.0 = Debug|Any CPU
		{7AAB5D62-E11E-498E-A500-E317518D735F}.Release|Any CPU.ActiveCfg = Release|Any CPU
		{7AAB5D62-E11E-498E-A500-E317518D735F}.Release|Any CPU.Build.0 = Release|Any CPU
		{566A037A-F96F-4102-8063-B6D503AC696F}.Debug|Any CPU.ActiveCfg = Debug|Any CPU
		{566A037A-F96F-4102-8063-B6D503AC696F}.Debug|Any CPU.Build.0 = Debug|Any CPU
		{566A037A-F96F-4102-8063-B6D503AC696F}.Release|Any CPU.ActiveCfg = Release|Any CPU
		{566A037A-F96F-4102-8063-B6D503AC696F}.Release|Any CPU.Build.0 = Release|Any CPU
	EndGlobalSection
	GlobalSection(SolutionProperties) = preSolution
		HideSolutionNode = FALSE
	EndGlobalSection
	GlobalSection(ExtensibilityGlobals) = postSolution
		SolutionGuid = {FA0C53C7-7F7B-48D5-A270-71621979B4DC}
	EndGlobalSection
EndGlobal
